// !$*UTF8*$!
{
	archiveVersion = 1;
	classes = {
	};
	objectVersion = 50;
	objects = {

/* Begin PBXBuildFile section */
		D73E4614247BB5DB00579D64 /* main.swift in Sources */ = {isa = PBXBuildFile; fileRef = D73E4613247BB5DB00579D64 /* main.swift */; };
		D75AE4F8247B906900450137 /* datastructures_tests.swift in Sources */ = {isa = PBXBuildFile; fileRef = D75AE4F7247B906900450137 /* datastructures_tests.swift */; };
		D7E648B6247CDA640052CE07 /* LinkedList.swift in Sources */ = {isa = PBXBuildFile; fileRef = D7E648B5247CDA640052CE07 /* LinkedList.swift */; };
		D7E648B8247CDF5E0052CE07 /* LinkedListTests.swift in Sources */ = {isa = PBXBuildFile; fileRef = D7E648B7247CDF5E0052CE07 /* LinkedListTests.swift */; };
		D7E648B9247CE17B0052CE07 /* LinkedList.swift in Sources */ = {isa = PBXBuildFile; fileRef = D7E648B5247CDA640052CE07 /* LinkedList.swift */; };
/* End PBXBuildFile section */

/* Begin PBXCopyFilesBuildPhase section */
		D75AE4E5247B902600450137 /* CopyFiles */ = {
			isa = PBXCopyFilesBuildPhase;
			buildActionMask = 2147483647;
			dstPath = /usr/share/man/man1/;
			dstSubfolderSpec = 0;
			files = (
			);
			runOnlyForDeploymentPostprocessing = 1;
		};
/* End PBXCopyFilesBuildPhase section */

/* Begin PBXFileReference section */
		D73E4613247BB5DB00579D64 /* main.swift */ = {isa = PBXFileReference; lastKnownFileType = sourcecode.swift; path = main.swift; sourceTree = "<group>"; };
		D75AE4E7247B902600450137 /* datastructures */ = {isa = PBXFileReference; explicitFileType = "compiled.mach-o.executable"; includeInIndex = 0; path = datastructures; sourceTree = BUILT_PRODUCTS_DIR; };
		D75AE4F5247B906800450137 /* datastructures_tests.xctest */ = {isa = PBXFileReference; explicitFileType = wrapper.cfbundle; includeInIndex = 0; path = datastructures_tests.xctest; sourceTree = BUILT_PRODUCTS_DIR; };
		D75AE4F7247B906900450137 /* datastructures_tests.swift */ = {isa = PBXFileReference; lastKnownFileType = sourcecode.swift; path = datastructures_tests.swift; sourceTree = "<group>"; };
		D75AE4F9247B906900450137 /* Info.plist */ = {isa = PBXFileReference; lastKnownFileType = text.plist.xml; path = Info.plist; sourceTree = "<group>"; };
		D78E0CE8247B988300795D4F /* XCTest.framework */ = {isa = PBXFileReference; lastKnownFileType = wrapper.framework; name = XCTest.framework; path = Platforms/MacOSX.platform/Developer/Library/Frameworks/XCTest.framework; sourceTree = DEVELOPER_DIR; };
		D7E648B5247CDA640052CE07 /* LinkedList.swift */ = {isa = PBXFileReference; lastKnownFileType = sourcecode.swift; path = LinkedList.swift; sourceTree = "<group>"; };
		D7E648B7247CDF5E0052CE07 /* LinkedListTests.swift */ = {isa = PBXFileReference; lastKnownFileType = sourcecode.swift; path = LinkedListTests.swift; sourceTree = "<group>"; };
/* End PBXFileReference section */

/* Begin PBXFrameworksBuildPhase section */
		D75AE4E4247B902600450137 /* Frameworks */ = {
			isa = PBXFrameworksBuildPhase;
			buildActionMask = 2147483647;
			files = (
			);
			runOnlyForDeploymentPostprocessing = 0;
		};
		D75AE4F2247B906800450137 /* Frameworks */ = {
			isa = PBXFrameworksBuildPhase;
			buildActionMask = 2147483647;
			files = (
			);
			runOnlyForDeploymentPostprocessing = 0;
		};
/* End PBXFrameworksBuildPhase section */

/* Begin PBXGroup section */
		D75AE4DE247B902600450137 = {
			isa = PBXGroup;
			children = (
				D75AE4E9247B902600450137 /* datastructures */,
				D75AE4F6247B906800450137 /* datastructures_tests */,
				D75AE4E8247B902600450137 /* Products */,
				D78E0CE7247B988300795D4F /* Frameworks */,
			);
			sourceTree = "<group>";
		};
		D75AE4E8247B902600450137 /* Products */ = {
			isa = PBXGroup;
			children = (
				D75AE4E7247B902600450137 /* datastructures */,
				D75AE4F5247B906800450137 /* datastructures_tests.xctest */,
			);
			name = Products;
			sourceTree = "<group>";
		};
		D75AE4E9247B902600450137 /* datastructures */ = {
			isa = PBXGroup;
			children = (
				D73E4613247BB5DB00579D64 /* main.swift */,
				D7E648B5247CDA640052CE07 /* LinkedList.swift */,
			);
			path = datastructures;
			sourceTree = "<group>";
		};
		D75AE4F6247B906800450137 /* datastructures_tests */ = {
			isa = PBXGroup;
			children = (
				D75AE4F7247B906900450137 /* datastructures_tests.swift */,
				D75AE4F9247B906900450137 /* Info.plist */,
				D7E648B7247CDF5E0052CE07 /* LinkedListTests.swift */,
			);
			path = datastructures_tests;
			sourceTree = "<group>";
		};
		D78E0CE7247B988300795D4F /* Frameworks */ = {
			isa = PBXGroup;
			children = (
				D78E0CE8247B988300795D4F /* XCTest.framework */,
			);
			name = Frameworks;
			sourceTree = "<group>";
		};
/* End PBXGroup section */

/* Begin PBXNativeTarget section */
		D75AE4E6247B902600450137 /* datastructures */ = {
			isa = PBXNativeTarget;
			buildConfigurationList = D75AE4EE247B902600450137 /* Build configuration list for PBXNativeTarget "datastructures" */;
			buildPhases = (
				D75AE4E3247B902600450137 /* Sources */,
				D75AE4E4247B902600450137 /* Frameworks */,
				D75AE4E5247B902600450137 /* CopyFiles */,
			);
			buildRules = (
			);
			dependencies = (
			);
			name = datastructures;
			productName = datastructures;
			productReference = D75AE4E7247B902600450137 /* datastructures */;
			productType = "com.apple.product-type.tool";
		};
		D75AE4F4247B906800450137 /* datastructures_tests */ = {
			isa = PBXNativeTarget;
			buildConfigurationList = D75AE4FA247B906900450137 /* Build configuration list for PBXNativeTarget "datastructures_tests" */;
			buildPhases = (
				D75AE4F1247B906800450137 /* Sources */,
				D75AE4F2247B906800450137 /* Frameworks */,
				D75AE4F3247B906800450137 /* Resources */,
			);
			buildRules = (
			);
			dependencies = (
			);
			name = datastructures_tests;
			productName = datastructures_tests;
			productReference = D75AE4F5247B906800450137 /* datastructures_tests.xctest */;
			productType = "com.apple.product-type.bundle.unit-test";
		};
/* End PBXNativeTarget section */

/* Begin PBXProject section */
		D75AE4DF247B902600450137 /* Project object */ = {
			isa = PBXProject;
			attributes = {
				LastSwiftUpdateCheck = 1150;
				LastUpgradeCheck = 1150;
				ORGANIZATIONNAME = blaktai;
				TargetAttributes = {
					D75AE4E6247B902600450137 = {
						CreatedOnToolsVersion = 11.5;
					};
					D75AE4F4247B906800450137 = {
						CreatedOnToolsVersion = 11.5;
					};
				};
			};
			buildConfigurationList = D75AE4E2247B902600450137 /* Build configuration list for PBXProject "datastructures" */;
			compatibilityVersion = "Xcode 9.3";
			developmentRegion = en;
			hasScannedForEncodings = 0;
			knownRegions = (
				en,
				Base,
			);
			mainGroup = D75AE4DE247B902600450137;
			productRefGroup = D75AE4E8247B902600450137 /* Products */;
			projectDirPath = "";
			projectRoot = "";
			targets = (
				D75AE4E6247B902600450137 /* datastructures */,
				D75AE4F4247B906800450137 /* datastructures_tests */,
			);
		};
/* End PBXProject section */

/* Begin PBXResourcesBuildPhase section */
		D75AE4F3247B906800450137 /* Resources */ = {
			isa = PBXResourcesBuildPhase;
			buildActionMask = 2147483647;
			files = (
			);
			runOnlyForDeploymentPostprocessing = 0;
		};
/* End PBXResourcesBuildPhase section */

/* Begin PBXSourcesBuildPhase section */
		D75AE4E3247B902600450137 /* Sources */ = {
			isa = PBXSourcesBuildPhase;
			buildActionMask = 2147483647;
			files = (
				D7E648B6247CDA640052CE07 /* LinkedList.swift in Sources */,
				D73E4614247BB5DB00579D64 /* main.swift in Sources */,
			);
			runOnlyForDeploymentPostprocessing = 0;
		};
		D75AE4F1247B906800450137 /* Sources */ = {
			isa = PBXSourcesBuildPhase;
			buildActionMask = 2147483647;
			files = (
				D7E648B9247CE17B0052CE07 /* LinkedList.swift in Sources */,
				D7E648B8247CDF5E0052CE07 /* LinkedListTests.swift in Sources */,
				D75AE4F8247B906900450137 /* datastructures_tests.swift in Sources */,
			);
			runOnlyForDeploymentPostprocessing = 0;
		};
/* End PBXSourcesBuildPhase section */

/* Begin XCBuildConfiguration section */
		D75AE4EC247B902600450137 /* Debug */ = {
			isa = XCBuildConfiguration;
			buildSettings = {
				ALWAYS_SEARCH_USER_PATHS = NO;
				CLANG_ANALYZER_NONNULL = YES;
				CLANG_ANALYZER_NUMBER_OBJECT_CONVERSION = YES_AGGRESSIVE;
				CLANG_CXX_LANGUAGE_STANDARD = "gnu++14";
				CLANG_CXX_LIBRARY = "libc++";
				CLANG_ENABLE_MODULES = YES;
				CLANG_ENABLE_OBJC_ARC = YES;
				CLANG_ENABLE_OBJC_WEAK = YES;
				CLANG_WARN_BLOCK_CAPTURE_AUTORELEASING = YES;
				CLANG_WARN_BOOL_CONVERSION = YES;
				CLANG_WARN_COMMA = YES;
				CLANG_WARN_CONSTANT_CONVERSION = YES;
				CLANG_WARN_DEPRECATED_OBJC_IMPLEMENTATIONS = YES;
				CLANG_WARN_DIRECT_OBJC_ISA_USAGE = YES_ERROR;
				CLANG_WARN_DOCUMENTATION_COMMENTS = YES;
				CLANG_WARN_EMPTY_BODY = YES;
				CLANG_WARN_ENUM_CONVERSION = YES;
				CLANG_WARN_INFINITE_RECURSION = YES;
				CLANG_WARN_INT_CONVERSION = YES;
				CLANG_WARN_NON_LITERAL_NULL_CONVERSION = YES;
				CLANG_WARN_OBJC_IMPLICIT_RETAIN_SELF = YES;
				CLANG_WARN_OBJC_LITERAL_CONVERSION = YES;
				CLANG_WARN_OBJC_ROOT_CLASS = YES_ERROR;
				CLANG_WARN_RANGE_LOOP_ANALYSIS = YES;
				CLANG_WARN_STRICT_PROTOTYPES = YES;
				CLANG_WARN_SUSPICIOUS_MOVE = YES;
				CLANG_WARN_UNGUARDED_AVAILABILITY = YES_AGGRESSIVE;
				CLANG_WARN_UNREACHABLE_CODE = YES;
				CLANG_WARN__DUPLICATE_METHOD_MATCH = YES;
				COPY_PHASE_STRIP = NO;
				DEBUG_INFORMATION_FORMAT = dwarf;
				ENABLE_STRICT_OBJC_MSGSEND = YES;
				ENABLE_TESTABILITY = YES;
				GCC_C_LANGUAGE_STANDARD = gnu11;
				GCC_DYNAMIC_NO_PIC = NO;
				GCC_NO_COMMON_BLOCKS = YES;
				GCC_OPTIMIZATION_LEVEL = 0;
				GCC_PREPROCESSOR_DEFINITIONS = (
					"DEBUG=1",
					"$(inherited)",
				);
				GCC_WARN_64_TO_32_BIT_CONVERSION = YES;
				GCC_WARN_ABOUT_RETURN_TYPE = YES_ERROR;
				GCC_WARN_UNDECLARED_SELECTOR = YES;
				GCC_WARN_UNINITIALIZED_AUTOS = YES_AGGRESSIVE;
				GCC_WARN_UNUSED_FUNCTION = YES;
				GCC_WARN_UNUSED_VARIABLE = YES;
				MACOSX_DEPLOYMENT_TARGET = 10.15;
				MTL_ENABLE_DEBUG_INFO = INCLUDE_SOURCE;
				MTL_FAST_MATH = YES;
				ONLY_ACTIVE_ARCH = YES;
				SDKROOT = macosx;
				SWIFT_ACTIVE_COMPILATION_CONDITIONS = DEBUG;
				SWIFT_OPTIMIZATION_LEVEL = "-Onone";
			};
			name = Debug;
		};
		D75AE4ED247B902600450137 /* Release */ = {
			isa = XCBuildConfiguration;
			buildSettings = {
				ALWAYS_SEARCH_USER_PATHS = NO;
				CLANG_ANALYZER_NONNULL = YES;
				CLANG_ANALYZER_NUMBER_OBJECT_CONVERSION = YES_AGGRESSIVE;
				CLANG_CXX_LANGUAGE_STANDARD = "gnu++14";
				CLANG_CXX_LIBRARY = "libc++";
				CLANG_ENABLE_MODULES = YES;
				CLANG_ENABLE_OBJC_ARC = YES;
				CLANG_ENABLE_OBJC_WEAK = YES;
				CLANG_WARN_BLOCK_CAPTURE_AUTORELEASING = YES;
				CLANG_WARN_BOOL_CONVERSION = YES;
				CLANG_WARN_COMMA = YES;
				CLANG_WARN_CONSTANT_CONVERSION = YES;
				CLANG_WARN_DEPRECATED_OBJC_IMPLEMENTATIONS = YES;
				CLANG_WARN_DIRECT_OBJC_ISA_USAGE = YES_ERROR;
				CLANG_WARN_DOCUMENTATION_COMMENTS = YES;
				CLANG_WARN_EMPTY_BODY = YES;
				CLANG_WARN_ENUM_CONVERSION = YES;
				CLANG_WARN_INFINITE_RECURSION = YES;
				CLANG_WARN_INT_CONVERSION = YES;
				CLANG_WARN_NON_LITERAL_NULL_CONVERSION = YES;
				CLANG_WARN_OBJC_IMPLICIT_RETAIN_SELF = YES;
				CLANG_WARN_OBJC_LITERAL_CONVERSION = YES;
				CLANG_WARN_OBJC_ROOT_CLASS = YES_ERROR;
				CLANG_WARN_RANGE_LOOP_ANALYSIS = YES;
				CLANG_WARN_STRICT_PROTOTYPES = YES;
				CLANG_WARN_SUSPICIOUS_MOVE = YES;
				CLANG_WARN_UNGUARDED_AVAILABILITY = YES_AGGRESSIVE;
				CLANG_WARN_UNREACHABLE_CODE = YES;
				CLANG_WARN__DUPLICATE_METHOD_MATCH = YES;
				COPY_PHASE_STRIP = NO;
				DEBUG_INFORMATION_FORMAT = "dwarf-with-dsym";
				ENABLE_NS_ASSERTIONS = NO;
				ENABLE_STRICT_OBJC_MSGSEND = YES;
				GCC_C_LANGUAGE_STANDARD = gnu11;
				GCC_NO_COMMON_BLOCKS = YES;
				GCC_WARN_64_TO_32_BIT_CONVERSION = YES;
				GCC_WARN_ABOUT_RETURN_TYPE = YES_ERROR;
				GCC_WARN_UNDECLARED_SELECTOR = YES;
				GCC_WARN_UNINITIALIZED_AUTOS = YES_AGGRESSIVE;
				GCC_WARN_UNUSED_FUNCTION = YES;
				GCC_WARN_UNUSED_VARIABLE = YES;
				MACOSX_DEPLOYMENT_TARGET = 10.15;
				MTL_ENABLE_DEBUG_INFO = NO;
				MTL_FAST_MATH = YES;
				SDKROOT = macosx;
				SWIFT_COMPILATION_MODE = wholemodule;
				SWIFT_OPTIMIZATION_LEVEL = "-O";
			};
			name = Release;
		};
		D75AE4EF247B902600450137 /* Debug */ = {
			isa = XCBuildConfiguration;
			buildSettings = {
				CODE_SIGN_STYLE = Automatic;
				PRODUCT_NAME = "$(TARGET_NAME)";
				SWIFT_VERSION = 5.0;
				TEST_HOST = "";
			};
			name = Debug;
		};
		D75AE4F0247B902600450137 /* Release */ = {
			isa = XCBuildConfiguration;
			buildSettings = {
				CODE_SIGN_STYLE = Automatic;
				PRODUCT_NAME = "$(TARGET_NAME)";
				SWIFT_VERSION = 5.0;
				TEST_HOST = "";
			};
			name = Release;
		};
		D75AE4FB247B906900450137 /* Debug */ = {
			isa = XCBuildConfiguration;
			buildSettings = {
				CODE_SIGN_STYLE = Automatic;
				COMBINE_HIDPI_IMAGES = YES;
				INFOPLIST_FILE = datastructures_tests/Info.plist;
				LD_RUNPATH_SEARCH_PATHS = (
					"$(inherited)",
					"@executable_path/../Frameworks",
					"@loader_path/../Frameworks",
				);
				PRODUCT_BUNDLE_IDENTIFIER = "com.blaktai.datastructures-tests";
				PRODUCT_NAME = "$(TARGET_NAME)";
				SWIFT_VERSION = 5.0;
				TREAT_MISSING_BASELINES_AS_TEST_FAILURES = NO;
			};
			name = Debug;
		};
		D75AE4FC247B906900450137 /* Release */ = {
			isa = XCBuildConfiguration;
			buildSettings = {
				CODE_SIGN_STYLE = Automatic;
				COMBINE_HIDPI_IMAGES = YES;
				INFOPLIST_FILE = datastructures_tests/Info.plist;
				LD_RUNPATH_SEARCH_PATHS = (
					"$(inherited)",
					"@executable_path/../Frameworks",
					"@loader_path/../Frameworks",
				);
				PRODUCT_BUNDLE_IDENTIFIER = "com.blaktai.datastructures-tests";
				PRODUCT_NAME = "$(TARGET_NAME)";
				SWIFT_VERSION = 5.0;
				TREAT_MISSING_BASELINES_AS_TEST_FAILURES = NO;
			};
			name = Release;
		};
/* End XCBuildConfiguration section */

/* Begin XCConfigurationList section */
		D75AE4E2247B902600450137 /* Build configuration list for PBXProject "datastructures" */ = {
			isa = XCConfigurationList;
			buildConfigurations = (
				D75AE4EC247B902600450137 /* Debug */,
				D75AE4ED247B902600450137 /* Release */,
			);
			defaultConfigurationIsVisible = 0;
			defaultConfigurationName = Release;
		};
		D75AE4EE247B902600450137 /* Build configuration list for PBXNativeTarget "datastructures" */ = {
			isa = XCConfigurationList;
			buildConfigurations = (
				D75AE4EF247B902600450137 /* Debug */,
				D75AE4F0247B902600450137 /* Release */,
			);
			defaultConfigurationIsVisible = 0;
			defaultConfigurationName = Release;
		};
		D75AE4FA247B906900450137 /* Build configuration list for PBXNativeTarget "datastructures_tests" */ = {
			isa = XCConfigurationList;
			buildConfigurations = (
				D75AE4FB247B906900450137 /* Debug */,
				D75AE4FC247B906900450137 /* Release */,
			);
			defaultConfigurationIsVisible = 0;
			defaultConfigurationName = Release;
		};
/* End XCConfigurationList section */
	};
	rootObject = D75AE4DF247B902600450137 /* Project object */;
}
